
Microsoft Visual Studio Solution File, Format Version 12.00
# Visual Studio Version 17
VisualStudioVersion = 17.0.31912.275
MinimumVisualStudioVersion = 10.0.40219.1
Project("{FAE04EC0-301F-11D3-BF4B-00C04F79EFBC}") = "DAL", "DAL\DAL.csproj", "{341D56E2-B0DB-4FDD-8111-E48C79565FE7}"
EndProject
Project("{FAE04EC0-301F-11D3-BF4B-00C04F79EFBC}") = "WebAPP", "WebAPP\WebAPP.csproj", "{0F4556C0-4B04-4123-AB10-F0E02E369E25}"
EndProject
Global
	GlobalSection(SolutionConfigurationPlatforms) = preSolution
		Debug|Any CPU = Debug|Any CPU
		Release|Any CPU = Release|Any CPU
	EndGlobalSection
	GlobalSection(ProjectConfigurationPlatforms) = postSolution
		{341D56E2-B0DB-4FDD-8111-E48C79565FE7}.Debug|Any CPU.ActiveCfg = Debug|Any CPU
		{341D56E2-B0DB-4FDD-8111-E48C79565FE7}.Debug|Any CPU.Build.0 = Debug|Any CPU
		{341D56E2-B0DB-4FDD-8111-E48C79565FE7}.Release|Any CPU.ActiveCfg = Release|Any CPU
		{341D56E2-B0DB-4FDD-8111-E48C79565FE7}.Release|Any CPU.Build.0 = Release|Any CPU
		{0F4556C0-4B04-4123-AB10-F0E02E369E25}.Debug|Any CPU.ActiveCfg = Debug|Any CPU
		{0F4556C0-4B04-4123-AB10-F0E02E369E25}.Debug|Any CPU.Build.0 = Debug|Any CPU
		{0F4556C0-4B04-4123-AB10-F0E02E369E25}.Release|Any CPU.ActiveCfg = Release|Any CPU
		{0F4556C0-4B04-4123-AB10-F0E02E369E25}.Release|Any CPU.Build.0 = Release|Any CPU
	EndGlobalSection
	GlobalSection(SolutionProperties) = preSolution
		HideSolutionNode = FALSE
	EndGlobalSection
	GlobalSection(ExtensibilityGlobals) = postSolution
		SolutionGuid = {3B6C5255-D45D-4BE9-8DCB-9B60A33D6DEA}
	EndGlobalSection
EndGlobal
